
Microsoft Visual Studio Solution File, Format Version 12.00
# Visual Studio Version 17
VisualStudioVersion = 17.4.33213.308
MinimumVisualStudioVersion = 10.0.40219.1
Project("{2150E333-8FDC-42A3-9474-1A3956D46DE8}") = "Core", "Core", "{1CD63BA6-0CE1-44B7-B998-4A96C26711C2}"
EndProject
Project("{2150E333-8FDC-42A3-9474-1A3956D46DE8}") = "Infrastructure", "Infrastructure", "{5CD2F45D-4673-49B7-9CA5-890D7D9660D4}"
EndProject
Project("{FAE04EC0-301F-11D3-BF4B-00C04F79EFBC}") = "Poira.Domain", "Core\Poira.Domain\Poira.Domain.csproj", "{E15FAABE-B3EC-4229-B8D8-A155425E0798}"
EndProject
Project("{FAE04EC0-301F-11D3-BF4B-00C04F79EFBC}") = "Poira.Application", "Core\Poira.Application\Poira.Application.csproj", "{0C6DD2CD-2827-41BA-89BF-E86A53CE178C}"
EndProject
Project("{FAE04EC0-301F-11D3-BF4B-00C04F79EFBC}") = "Poira.Persistence", "Infrastructure\Poira.Persistence\Poira.Persistence.csproj", "{47614E84-F859-40D0-AED8-CB06C8603383}"
EndProject
Project("{2150E333-8FDC-42A3-9474-1A3956D46DE8}") = "Presentation", "Presentation", "{30393D04-AB9D-401C-809B-FE4C82832131}"
EndProject
Project("{FAE04EC0-301F-11D3-BF4B-00C04F79EFBC}") = "Poira.WebApi", "Presentation\Poira.WebApi\Poira.WebApi.csproj", "{D4A7665B-641D-46C4-A062-32E7ED6C9E1B}"
EndProject
Global
	GlobalSection(SolutionProperties) = preSolution
		HideSolutionNode = FALSE
	EndGlobalSection
	GlobalSection(ExtensibilityGlobals) = postSolution
		SolutionGuid = {6273E2FE-1CC2-4885-B2E0-4BF960BB898A}
	EndGlobalSection
	GlobalSection(NestedProjects) = preSolution
		{E15FAABE-B3EC-4229-B8D8-A155425E0798} = {1CD63BA6-0CE1-44B7-B998-4A96C26711C2}
		{0C6DD2CD-2827-41BA-89BF-E86A53CE178C} = {1CD63BA6-0CE1-44B7-B998-4A96C26711C2}
		{47614E84-F859-40D0-AED8-CB06C8603383} = {5CD2F45D-4673-49B7-9CA5-890D7D9660D4}
		{D4A7665B-641D-46C4-A062-32E7ED6C9E1B} = {30393D04-AB9D-401C-809B-FE4C82832131}
	EndGlobalSection
	GlobalSection(ProjectConfigurationPlatforms) = postSolution
		{0C6DD2CD-2827-41BA-89BF-E86A53CE178C}.Debug|Any CPU.ActiveCfg = Debug|Any CPU
		{0C6DD2CD-2827-41BA-89BF-E86A53CE178C}.Debug|Any CPU.Build.0 = Debug|Any CPU
		{0C6DD2CD-2827-41BA-89BF-E86A53CE178C}.Release|Any CPU.ActiveCfg = Release|Any CPU
		{0C6DD2CD-2827-41BA-89BF-E86A53CE178C}.Release|Any CPU.Build.0 = Release|Any CPU
		{E15FAABE-B3EC-4229-B8D8-A155425E0798}.Debug|Any CPU.ActiveCfg = Debug|Any CPU
		{E15FAABE-B3EC-4229-B8D8-A155425E0798}.Debug|Any CPU.Build.0 = Debug|Any CPU
		{E15FAABE-B3EC-4229-B8D8-A155425E0798}.Release|Any CPU.ActiveCfg = Release|Any CPU
		{E15FAABE-B3EC-4229-B8D8-A155425E0798}.Release|Any CPU.Build.0 = Release|Any CPU
		{47614E84-F859-40D0-AED8-CB06C8603383}.Debug|Any CPU.ActiveCfg = Debug|Any CPU
		{47614E84-F859-40D0-AED8-CB06C8603383}.Debug|Any CPU.Build.0 = Debug|Any CPU
		{47614E84-F859-40D0-AED8-CB06C8603383}.Release|Any CPU.ActiveCfg = Release|Any CPU
		{47614E84-F859-40D0-AED8-CB06C8603383}.Release|Any CPU.Build.0 = Release|Any CPU
		{D4A7665B-641D-46C4-A062-32E7ED6C9E1B}.Debug|Any CPU.ActiveCfg = Debug|Any CPU
		{D4A7665B-641D-46C4-A062-32E7ED6C9E1B}.Debug|Any CPU.Build.0 = Debug|Any CPU
		{D4A7665B-641D-46C4-A062-32E7ED6C9E1B}.Release|Any CPU.ActiveCfg = Release|Any CPU
		{D4A7665B-641D-46C4-A062-32E7ED6C9E1B}.Release|Any CPU.Build.0 = Release|Any CPU
	EndGlobalSection
	GlobalSection(SolutionConfigurationPlatforms) = preSolution
		Debug|Any CPU = Debug|Any CPU
		Release|Any CPU = Release|Any CPU
	EndGlobalSection
EndGlobal
